
Microsoft Visual Studio Solution File, Format Version 12.00
# Visual Studio Version 17
VisualStudioVersion = 17.0.31825.309
MinimumVisualStudioVersion = 10.0.40219.1
Project("{FAE04EC0-301F-11D3-BF4B-00C04F79EFBC}") = "MoviesWebApi", "MoviesWebApi\MoviesWebApi.csproj", "{282504BB-441E-4498-B08D-24FC91F1BCE0}"
EndProject
Global
	GlobalSection(SolutionConfigurationPlatforms) = preSolution
		Debug|Any CPU = Debug|Any CPU
		Release|Any CPU = Release|Any CPU
	EndGlobalSection
	GlobalSection(ProjectConfigurationPlatforms) = postSolution
		{282504BB-441E-4498-B08D-24FC91F1BCE0}.Debug|Any CPU.ActiveCfg = Debug|Any CPU
		{282504BB-441E-4498-B08D-24FC91F1BCE0}.Debug|Any CPU.Build.0 = Debug|Any CPU
		{282504BB-441E-4498-B08D-24FC91F1BCE0}.Release|Any CPU.ActiveCfg = Release|Any CPU
		{282504BB-441E-4498-B08D-24FC91F1BCE0}.Release|Any CPU.Build.0 = Release|Any CPU
	EndGlobalSection
	GlobalSection(SolutionProperties) = preSolution
		HideSolutionNode = FALSE
	EndGlobalSection
	GlobalSection(ExtensibilityGlobals) = postSolution
		SolutionGuid = {B4515C89-B71F-4BDA-8188-6B8DA7847F2D}
	EndGlobalSection
EndGlobal
